
Microsoft Visual Studio Solution File, Format Version 12.00
# Visual Studio 15
VisualStudioVersion = 15.0.28307.539
MinimumVisualStudioVersion = 10.0.40219.1
Project("{FAE04EC0-301F-11D3-BF4B-00C04F79EFBC}") = "ExamApp", "ExamApp\ExamApp.csproj", "{2B73CAE7-3E83-4A0C-9FC1-2F18A27F1136}"
EndProject
Project("{FAE04EC0-301F-11D3-BF4B-00C04F79EFBC}") = "ExamApp.DataAccess", "ExamApp.Database\ExamApp.DataAccess.csproj", "{4DB616F1-B1DB-4210-AA95-2DD90A3EBFF5}"
EndProject
Global
	GlobalSection(SolutionConfigurationPlatforms) = preSolution
		Debug|Any CPU = Debug|Any CPU
		Release|Any CPU = Release|Any CPU
	EndGlobalSection
	GlobalSection(ProjectConfigurationPlatforms) = postSolution
		{2B73CAE7-3E83-4A0C-9FC1-2F18A27F1136}.Debug|Any CPU.ActiveCfg = Debug|Any CPU
		{2B73CAE7-3E83-4A0C-9FC1-2F18A27F1136}.Debug|Any CPU.Build.0 = Debug|Any CPU
		{2B73CAE7-3E83-4A0C-9FC1-2F18A27F1136}.Release|Any CPU.ActiveCfg = Release|Any CPU
		{2B73CAE7-3E83-4A0C-9FC1-2F18A27F1136}.Release|Any CPU.Build.0 = Release|Any CPU
		{4DB616F1-B1DB-4210-AA95-2DD90A3EBFF5}.Debug|Any CPU.ActiveCfg = Debug|Any CPU
		{4DB616F1-B1DB-4210-AA95-2DD90A3EBFF5}.Debug|Any CPU.Build.0 = Debug|Any CPU
		{4DB616F1-B1DB-4210-AA95-2DD90A3EBFF5}.Release|Any CPU.ActiveCfg = Release|Any CPU
		{4DB616F1-B1DB-4210-AA95-2DD90A3EBFF5}.Release|Any CPU.Build.0 = Release|Any CPU
	EndGlobalSection
	GlobalSection(SolutionProperties) = preSolution
		HideSolutionNode = FALSE
	EndGlobalSection
	GlobalSection(ExtensibilityGlobals) = postSolution
		SolutionGuid = {6F6CEDC4-6A7D-49C0-9595-1F4C2A0D3C23}
	EndGlobalSection
EndGlobal
